
Microsoft Visual Studio Solution File, Format Version 12.00
# Visual Studio Version 16
VisualStudioVersion = 16.0.29326.143
MinimumVisualStudioVersion = 10.0.40219.1
Project("{8BC9CEB8-8B4A-11D0-8D11-00A0C91BC942}") = "dll_lab_4", "dll_lab_4\dll_lab_4.vcxproj", "{FB50D12F-2CE3-42D9-ABDF-519DC545699D}"
EndProject
Global
	GlobalSection(SolutionConfigurationPlatforms) = preSolution
		Debug|x64 = Debug|x64
		Debug|x86 = Debug|x86
		Release|x64 = Release|x64
		Release|x86 = Release|x86
	EndGlobalSection
	GlobalSection(ProjectConfigurationPlatforms) = postSolution
		{FB50D12F-2CE3-42D9-ABDF-519DC545699D}.Debug|x64.ActiveCfg = Debug|x64
		{FB50D12F-2CE3-42D9-ABDF-519DC545699D}.Debug|x64.Build.0 = Debug|x64
		{FB50D12F-2CE3-42D9-ABDF-519DC545699D}.Debug|x86.ActiveCfg = Debug|Win32
		{FB50D12F-2CE3-42D9-ABDF-519DC545699D}.Debug|x86.Build.0 = Debug|Win32
		{FB50D12F-2CE3-42D9-ABDF-519DC545699D}.Release|x64.ActiveCfg = Release|x64
		{FB50D12F-2CE3-42D9-ABDF-519DC545699D}.Release|x64.Build.0 = Release|x64
		{FB50D12F-2CE3-42D9-ABDF-519DC545699D}.Release|x86.ActiveCfg = Release|Win32
		{FB50D12F-2CE3-42D9-ABDF-519DC545699D}.Release|x86.Build.0 = Release|Win32
	EndGlobalSection
	GlobalSection(SolutionProperties) = preSolution
		HideSolutionNode = FALSE
	EndGlobalSection
	GlobalSection(ExtensibilityGlobals) = postSolution
		SolutionGuid = {98F16365-4931-4AFF-A35C-4D11D171DE3D}
	EndGlobalSection
EndGlobal
