
Microsoft Visual Studio Solution File, Format Version 12.00
# Visual Studio Version 16
VisualStudioVersion = 16.0.29326.143
MinimumVisualStudioVersion = 10.0.40219.1
Project("{8BC9CEB8-8B4A-11D0-8D11-00A0C91BC942}") = "lab_4", "lab_4\lab_4.vcxproj", "{AE198FDE-88D8-4A70-AF55-2EE652A3719F}"
EndProject
Global
	GlobalSection(SolutionConfigurationPlatforms) = preSolution
		Debug|x64 = Debug|x64
		Debug|x86 = Debug|x86
		Release|x64 = Release|x64
		Release|x86 = Release|x86
	EndGlobalSection
	GlobalSection(ProjectConfigurationPlatforms) = postSolution
		{AE198FDE-88D8-4A70-AF55-2EE652A3719F}.Debug|x64.ActiveCfg = Debug|x64
		{AE198FDE-88D8-4A70-AF55-2EE652A3719F}.Debug|x64.Build.0 = Debug|x64
		{AE198FDE-88D8-4A70-AF55-2EE652A3719F}.Debug|x86.ActiveCfg = Debug|Win32
		{AE198FDE-88D8-4A70-AF55-2EE652A3719F}.Debug|x86.Build.0 = Debug|Win32
		{AE198FDE-88D8-4A70-AF55-2EE652A3719F}.Release|x64.ActiveCfg = Release|x64
		{AE198FDE-88D8-4A70-AF55-2EE652A3719F}.Release|x64.Build.0 = Release|x64
		{AE198FDE-88D8-4A70-AF55-2EE652A3719F}.Release|x86.ActiveCfg = Release|Win32
		{AE198FDE-88D8-4A70-AF55-2EE652A3719F}.Release|x86.Build.0 = Release|Win32
	EndGlobalSection
	GlobalSection(SolutionProperties) = preSolution
		HideSolutionNode = FALSE
	EndGlobalSection
	GlobalSection(ExtensibilityGlobals) = postSolution
		SolutionGuid = {48FF8757-F599-4DE4-91E6-982832B36315}
	EndGlobalSection
EndGlobal
